<?xml version="1.0" encoding="utf-8"?>
<Project ToolsVersion="4.0" xmlns="http://schemas.microsoft.com/developer/msbuild/2003">
  <ItemGroup>
    <Filter Include="Source Files">
      <UniqueIdentifier>{4FC737F1-C7A5-4376-A066-2A32D752A2FF}</UniqueIdentifier>
      <Extensions>cpp;c;cxx;def;odl;idl;hpj;bat;asm;asmx</Extensions>
    </Filter>
    <Filter Include="Header Files">
      <UniqueIdentifier>{93995380-89BD-4b04-88EB-625FBE52EBFB}</UniqueIdentifier>
      <Extensions>h;hpp;hxx;hm;inl;inc;xsd</Extensions>
    </Filter>
    <Filter Include="Header Files\boost">
      <UniqueIdentifier>{ab5df0c0-40c4-4b20-bf88-a7097e4615db}</UniqueIdentifier>
    </Filter>
    <Filter Include="Header Files\boost\test">
      <UniqueIdentifier>{d5acd0ac-2a45-4800-9ac1-93a0bda2c32b}</UniqueIdentifier>
    </Filter>
    <Filter Include="Resource Files">
      <UniqueIdentifier>{67DA6AB6-F800-4c08-8B7A-83BB121AAD01}</UniqueIdentifier>
      <Extensions>rc;ico;cur;bmp;dlg;rc2;rct;bin;rgs;gif;jpg;jpeg;jpe;resx</Extensions>
    </Filter>
    <Filter Include="Source Files\boost">
      <UniqueIdentifier>{7c49ca78-63ef-41f2-81b7-d7403afafb08}</UniqueIdentifier>
    </Filter>
    <Filter Include="Header Files\multios">
      <UniqueIdentifier>{75085a10-6a04-4170-8919-0df7592ba166}</UniqueIdentifier>
    </Filter>
    <Filter Include="Source Files\multios">
      <UniqueIdentifier>{a2cf9daf-fbf3-4a65-99f5-99a087f0e0aa}</UniqueIdentifier>
    </Filter>
    <Filter Include="Header Files\em">
      <UniqueIdentifier>{59cd9a67-be88-4211-a5f5-735fb8e8a962}</UniqueIdentifier>
    </Filter>
    <Filter Include="Source Files\em">
      <UniqueIdentifier>{7685ca40-bed7-4873-93ca-100398deeae0}</UniqueIdentifier>
    </Filter>
    <Filter Include="Header Files\esystest">
      <UniqueIdentifier>{35d56762-e00f-4203-aca0-1d6b8b0759ca}</UniqueIdentifier>
    </Filter>
    <Filter Include="Source Files\esystest">
      <UniqueIdentifier>{3bab5632-9ec3-4704-bfff-729ed5820d51}</UniqueIdentifier>
    </Filter>
  </ItemGroup>
  <ItemGroup>
    <ClCompile Include="..\..\src\esystest\esystest_dll.cpp">
      <Filter>Source Files</Filter>
    </ClCompile>
    <ClCompile Include="..\..\src\esystest\esystest_prec.cpp">
      <Filter>Source Files</Filter>
    </ClCompile>
    <ClCompile Include="..\..\src\esystest\testsuite.cpp">
      <Filter>Source Files</Filter>
    </ClCompile>
    <ClCompile Include="..\..\src\esystest\testcaseinfo.cpp">
      <Filter>Source Files</Filter>
    </ClCompile>
    <ClCompile Include="..\..\src\esystest\testcase.cpp">
      <Filter>Source Files</Filter>
    </ClCompile>
    <ClCompile Include="..\..\src\esystest\globalfixture.cpp">
      <Filter>Source Files</Filter>
    </ClCompile>
    <ClCompile Include="..\..\src\esystest\report.cpp">
      <Filter>Source Files</Filter>
    </ClCompile>
    <ClCompile Include="..\..\src\esystest\logger.cpp">
      <Filter>Source Files</Filter>
    </ClCompile>
    <ClCompile Include="..\..\src\esystest\order.cpp">
      <Filter>Source Files</Filter>
    </ClCompile>
    <ClCompile Include="..\..\src\esystest\types.cpp">
      <Filter>Source Files</Filter>
    </ClCompile>
    <ClCompile Include="..\..\src\esystest\stdlogger.cpp">
      <Filter>Source Files</Filter>
    </ClCompile>
    <ClCompile Include="..\..\src\esystest\exception.cpp">
      <Filter>Source Files</Filter>
    </ClCompile>
    <ClCompile Include="..\..\src\esystest\mastertestsuite.cpp">
      <Filter>Source Files</Filter>
    </ClCompile>
    <ClCompile Include="..\..\src\esystest\testcasectrlbase.cpp">
      <Filter>Source Files</Filter>
    </ClCompile>
    <ClCompile Include="..\..\src\esystest\boost\testcasectrl_boost.cpp">
      <Filter>Source Files\boost</Filter>
    </ClCompile>
    <ClCompile Include="..\..\src\esystest\multios\testcasectrlcore_multios.cpp">
      <Filter>Source Files\multios</Filter>
    </ClCompile>
    <ClCompile Include="..\..\src\esystest\em\testcasectrlcore_em.cpp">
      <Filter>Source Files\em</Filter>
    </ClCompile>
    <ClCompile Include="..\..\src\esystest\esystest\testcasectrl_esystest.cpp">
      <Filter>Source Files\esystest</Filter>
    </ClCompile>
  </ItemGroup>
  <ItemGroup>
    <ClInclude Include="..\..\include\esystest\esystest_defs.h">
      <Filter>Header Files</Filter>
    </ClInclude>
    <ClInclude Include="..\..\include\esystest\esystest_prec.h">
      <Filter>Header Files</Filter>
    </ClInclude>
    <ClInclude Include="..\..\include\esystest\version.h">
      <Filter>Header Files</Filter>
    </ClInclude>
    <ClInclude Include="..\..\include\esystest\testsuite.h">
      <Filter>Header Files</Filter>
    </ClInclude>
    <ClInclude Include="..\..\include\esystest\testcaseinfo.h">
      <Filter>Header Files</Filter>
    </ClInclude>
    <ClInclude Include="..\..\include\esystest\testcase.h">
      <Filter>Header Files</Filter>
    </ClInclude>
    <ClInclude Include="..\..\include\esystest\globalfixture.h">
      <Filter>Header Files</Filter>
    </ClInclude>
    <ClInclude Include="..\..\include\esystest\report.h">
      <Filter>Header Files</Filter>
    </ClInclude>
    <ClInclude Include="..\..\include\esystest\logger.h">
      <Filter>Header Files</Filter>
    </ClInclude>
    <ClInclude Include="..\..\include\esystest\inttypes.h">
      <Filter>Header Files</Filter>
    </ClInclude>
    <ClInclude Include="..\..\include\esystest\assert.h">
      <Filter>Header Files</Filter>
    </ClInclude>
    <ClInclude Include="..\..\include\esystest\order.h">
      <Filter>Header Files</Filter>
    </ClInclude>
    <ClInclude Include="..\..\include\esystest\types.h">
      <Filter>Header Files</Filter>
    </ClInclude>
    <ClInclude Include="..\..\include\esystest\stdlogger.h">
      <Filter>Header Files</Filter>
    </ClInclude>
    <ClInclude Include="..\..\include\esystest\exception.h">
      <Filter>Header Files</Filter>
    </ClInclude>
    <ClInclude Include="..\..\include\esystest\unit_test.h">
      <Filter>Header Files</Filter>
    </ClInclude>
    <ClInclude Include="..\..\include\esystest\mastertestsuite.h">
      <Filter>Header Files</Filter>
    </ClInclude>
    <ClInclude Include="..\..\include\esystest\setup.h">
      <Filter>Header Files</Filter>
    </ClInclude>
    <ClInclude Include="..\..\include\esystest\testcasectrlbase.h">
      <Filter>Header Files</Filter>
    </ClInclude>
    <ClInclude Include="..\..\include\esystest\testcasectrl.h">
      <Filter>Header Files</Filter>
    </ClInclude>
    <ClInclude Include="..\..\include\esystest\boost\boost\test\unit_test.hpp">
      <Filter>Header Files\boost\test</Filter>
    </ClInclude>
    <ClInclude Include="..\..\include\esystest\boost\boost\testcasectrl.h">
      <Filter>Header Files\boost</Filter>
    </ClInclude>
    <ClInclude Include="..\..\include\esystest\multios\testcasectrlcore.h">
      <Filter>Header Files\multios</Filter>
    </ClInclude>
    <ClInclude Include="..\..\include\esystest\testcasectrlcore.h">
      <Filter>Header Files</Filter>
    </ClInclude>
    <ClInclude Include="..\..\include\esystest\em\testcasectrlcore.h">
      <Filter>Header Files\em</Filter>
    </ClInclude>
    <ClInclude Include="..\..\include\esystest\esystest\testcasectrl.h">
      <Filter>Header Files\esystest</Filter>
    </ClInclude>
    <ClInclude Include="..\..\include\esystest\esystest\unit_test.h">
      <Filter>Header Files\esystest</Filter>
    </ClInclude>
    <ClInclude Include="..\..\include\esystest\boost\unit_test.h">
      <Filter>Header Files\boost</Filter>
    </ClInclude>
    <ClInclude Include="..\..\include\esystest\esystest\boost.h">
      <Filter>Header Files\esystest</Filter>
    </ClInclude>
    <ClInclude Include="..\..\include\esystest\boost\order.h">
      <Filter>Header Files\boost</Filter>
    </ClInclude>
    <ClInclude Include="..\..\include\esystest\boost\esystest.h">
      <Filter>Header Files\boost</Filter>
    </ClInclude>
    <ClInclude Include="..\..\include\esystest\order_defs.h">
      <Filter>Header Files</Filter>
    </ClInclude>
    <ClInclude Include="..\..\include\esystest\vld.h">
      <Filter>Header Files</Filter>
    </ClInclude>
    <ClInclude Include="..\..\include\esystest\esystest\order.h">
      <Filter>Header Files\esystest</Filter>
    </ClInclude>
  </ItemGroup>
  <ItemGroup>
    <ResourceCompile Include="..\..\res\esystest.rc">
      <Filter>Resource Files</Filter>
    </ResourceCompile>
  </ItemGroup>
</Project>