<?xml version="1.0" encoding="utf-8"?>
<Project ToolsVersion="4.0" xmlns="http://schemas.microsoft.com/developer/msbuild/2003">
  <ItemGroup>
    <Filter Include="Source Files">
      <UniqueIdentifier>{4FC737F1-C7A5-4376-A066-2A32D752A2FF}</UniqueIdentifier>
      <Extensions>cpp;c;cxx;def;odl;idl;hpj;bat;asm;asmx</Extensions>
    </Filter>
    <Filter Include="Header Files">
      <UniqueIdentifier>{93995380-89BD-4b04-88EB-625FBE52EBFB}</UniqueIdentifier>
      <Extensions>h;hpp;hxx;hm;inl;inc;xsd</Extensions>
    </Filter>
    <Filter Include="Resource Files">
      <UniqueIdentifier>{67DA6AB6-F800-4c08-8B7A-83BB121AAD01}</UniqueIdentifier>
      <Extensions>rc;ico;cur;bmp;dlg;rc2;rct;bin;rgs;gif;jpg;jpeg;jpe;resx</Extensions>
    </Filter>
    <Filter Include="Header Files\impl_wx">
      <UniqueIdentifier>{73823697-7b0e-4243-bb21-04914dfb73af}</UniqueIdentifier>
    </Filter>
    <Filter Include="Header Files\impl_boost">
      <UniqueIdentifier>{f7457a3c-9dca-450e-8465-9ee499264bc7}</UniqueIdentifier>
    </Filter>
    <Filter Include="Source Files\impl_boost">
      <UniqueIdentifier>{8bfbbb5d-2aae-40a0-93b8-114c0dc8a8e8}</UniqueIdentifier>
    </Filter>
    <Filter Include="Header Files\em">
      <UniqueIdentifier>{bcedcf08-b5d7-4ea1-acb7-113e41d6e3db}</UniqueIdentifier>
    </Filter>
    <Filter Include="Source Files\em">
      <UniqueIdentifier>{34cf8cfe-6d66-43a1-98fa-1a442e3965c4}</UniqueIdentifier>
    </Filter>
    <Filter Include="Source Files\stdcpp">
      <UniqueIdentifier>{b66cb780-6ab0-49ce-bdd2-1127b0dfa3ad}</UniqueIdentifier>
    </Filter>
    <Filter Include="Header Files\stdcpp">
      <UniqueIdentifier>{1c06a803-5023-46b7-90d4-dd20d12ca043}</UniqueIdentifier>
    </Filter>
  </ItemGroup>
  <ItemGroup>
    <ClCompile Include="..\..\src\esys\base\esysbase_dll.cpp">
      <Filter>Source Files</Filter>
    </ClCompile>
    <ClCompile Include="..\..\src\esys\base\esysbase_prec.cpp">
      <Filter>Source Files</Filter>
    </ClCompile>
    <ClCompile Include="..\..\src\esys\base\dynlibrarybase.cpp">
      <Filter>Source Files</Filter>
    </ClCompile>
    <ClCompile Include="..\..\src\esys\base\pluginbase.cpp">
      <Filter>Source Files</Filter>
    </ClCompile>
    <ClCompile Include="..\..\src\esys\base\pluginmngrbase.cpp">
      <Filter>Source Files</Filter>
    </ClCompile>
    <ClCompile Include="..\..\src\esys\base\impl_boost\dynlibrary_boost.cpp">
      <Filter>Source Files\impl_boost</Filter>
    </ClCompile>
    <ClCompile Include="..\..\src\esys\base\impl_boost\dynlibraryimpl_boost.cpp">
      <Filter>Source Files\impl_boost</Filter>
    </ClCompile>
    <ClCompile Include="..\..\src\esys\base\impl_boost\pluginmngrcore_boost.cpp">
      <Filter>Source Files\impl_boost</Filter>
    </ClCompile>
    <ClCompile Include="..\..\src\esys\base\pluginmngr.cpp">
      <Filter>Source Files</Filter>
    </ClCompile>
    <ClCompile Include="..\..\src\esys\base\em\object_em.cpp">
      <Filter>Source Files\em</Filter>
    </ClCompile>
    <ClCompile Include="..\..\src\esys\base\objectbase.cpp">
      <Filter>Source Files</Filter>
    </ClCompile>
    <ClCompile Include="..\..\src\esys\base\objectnamebase.cpp">
      <Filter>Source Files</Filter>
    </ClCompile>
    <ClCompile Include="..\..\src\esys\base\em\objectnamemngr_em.cpp">
      <Filter>Source Files\em</Filter>
    </ClCompile>
    <ClCompile Include="..\..\src\esys\base\em\objectname_em.cpp">
      <Filter>Source Files\em</Filter>
    </ClCompile>
    <ClCompile Include="..\..\src\esys\base\stdcpp\node_stdcpp.cpp">
      <Filter>Source Files\stdcpp</Filter>
    </ClCompile>
    <ClCompile Include="..\..\src\esys\base\stdcpp\object_stdcpp.cpp">
      <Filter>Source Files\stdcpp</Filter>
    </ClCompile>
    <ClCompile Include="..\..\src\esys\base\stdcpp\objectname_stdcpp.cpp">
      <Filter>Source Files\stdcpp</Filter>
    </ClCompile>
    <ClCompile Include="..\..\src\esys\base\stdcpp\objectnamemngr_stdcpp.cpp">
      <Filter>Source Files\stdcpp</Filter>
    </ClCompile>
    <ClCompile Include="..\..\src\esys\base\stdcpp\nodemngr_stdcpp.cpp">
      <Filter>Source Files\stdcpp</Filter>
    </ClCompile>
    <ClCompile Include="..\..\src\esys\base\stdcpp\objectoperation_stdcpp.cpp">
      <Filter>Source Files\stdcpp</Filter>
    </ClCompile>
    <ClCompile Include="..\..\src\esys\base\objplatif.cpp">
      <Filter>Source Files</Filter>
    </ClCompile>
    <ClCompile Include="..\..\src\esys\base\stdcpp\log_if_stdcpp.cpp">
      <Filter>Source Files\stdcpp</Filter>
    </ClCompile>
    <ClCompile Include="..\..\src\esys\base\em\log_if_em.cpp">
      <Filter>Source Files\em</Filter>
    </ClCompile>
    <ClCompile Include="..\..\src\esys\base\stdcpp\logger_stdcpp.cpp">
      <Filter>Source Files\stdcpp</Filter>
    </ClCompile>
  </ItemGroup>
  <ItemGroup>
    <ClInclude Include="..\..\include\esys\base\esysbase_defs.h">
      <Filter>Header Files</Filter>
    </ClInclude>
    <ClInclude Include="..\..\include\esys\base\esysbase_prec.h">
      <Filter>Header Files</Filter>
    </ClInclude>
    <ClInclude Include="..\..\include\esys\base\version.h">
      <Filter>Header Files</Filter>
    </ClInclude>
    <ClInclude Include="..\..\include\esys\base\autolink.h">
      <Filter>Header Files</Filter>
    </ClInclude>
    <ClInclude Include="..\..\include\esys\base\dynlibrary.h">
      <Filter>Header Files</Filter>
    </ClInclude>
    <ClInclude Include="..\..\include\esys\base\dynlibrarybase.h">
      <Filter>Header Files</Filter>
    </ClInclude>
    <ClInclude Include="..\..\include\esys\base\pluginbase.h">
      <Filter>Header Files</Filter>
    </ClInclude>
    <ClInclude Include="..\..\include\esys\base\pluginmngrbase.h">
      <Filter>Header Files</Filter>
    </ClInclude>
    <ClInclude Include="..\..\include\esys\base\pluginmngrcore.h">
      <Filter>Header Files</Filter>
    </ClInclude>
    <ClInclude Include="..\..\include\esys\base\pluginmngrcore_t.h">
      <Filter>Header Files</Filter>
    </ClInclude>
    <ClInclude Include="..\..\include\esys\base\impl_boost\dynlibrary.h">
      <Filter>Header Files\impl_boost</Filter>
    </ClInclude>
    <ClInclude Include="..\..\include\esys\base\impl_boost\pluginmngrcore.h">
      <Filter>Header Files\impl_boost</Filter>
    </ClInclude>
    <ClInclude Include="..\..\src\esys\base\impl_boost\dynlibraryimpl.h">
      <Filter>Source Files\impl_boost</Filter>
    </ClInclude>
    <ClInclude Include="..\..\include\esys\base\pluginmngr_t.h">
      <Filter>Header Files</Filter>
    </ClInclude>
    <ClInclude Include="..\..\include\esys\base\plugin_t.h">
      <Filter>Header Files</Filter>
    </ClInclude>
    <ClInclude Include="..\..\include\esys\base\pluginmngr.h">
      <Filter>Header Files</Filter>
    </ClInclude>
    <ClInclude Include="..\..\include\esys\base\objectbase.h">
      <Filter>Header Files</Filter>
    </ClInclude>
    <ClInclude Include="..\..\include\esys\base\objectbase_t.h">
      <Filter>Header Files</Filter>
    </ClInclude>
    <ClInclude Include="..\..\include\esys\base\em\object_t.h">
      <Filter>Header Files\em</Filter>
    </ClInclude>
    <ClInclude Include="..\..\include\esys\base\stdcpp\object_t.h">
      <Filter>Header Files\stdcpp</Filter>
    </ClInclude>
    <ClInclude Include="..\..\include\esys\base\em\objectinit_t.h">
      <Filter>Header Files\em</Filter>
    </ClInclude>
    <ClInclude Include="..\..\include\esys\base\assert.h">
      <Filter>Header Files</Filter>
    </ClInclude>
    <ClInclude Include="..\..\include\esys\base\em\object.h">
      <Filter>Header Files\em</Filter>
    </ClInclude>
    <ClInclude Include="..\..\include\esys\base\objectname_t.h">
      <Filter>Header Files</Filter>
    </ClInclude>
    <ClInclude Include="..\..\include\esys\base\objectnamebase.h">
      <Filter>Header Files</Filter>
    </ClInclude>
    <ClInclude Include="..\..\include\esys\base\objectnamemngr_t.h">
      <Filter>Header Files</Filter>
    </ClInclude>
    <ClInclude Include="..\..\include\esys\base\em\objectnamemngr.h">
      <Filter>Header Files\em</Filter>
    </ClInclude>
    <ClInclude Include="..\..\include\esys\base\em\objectname.h">
      <Filter>Header Files\em</Filter>
    </ClInclude>
    <ClInclude Include="..\..\include\esys\base\stdcpp\objectinit_t.h">
      <Filter>Header Files\stdcpp</Filter>
    </ClInclude>
    <ClInclude Include="..\..\include\esys\base\stdcpp\objectnamemngr.h">
      <Filter>Header Files\stdcpp</Filter>
    </ClInclude>
    <ClInclude Include="..\..\include\esys\base\stdcpp\node.h">
      <Filter>Header Files\stdcpp</Filter>
    </ClInclude>
    <ClInclude Include="..\..\include\esys\base\stdcpp\nodemngr.h">
      <Filter>Header Files\stdcpp</Filter>
    </ClInclude>
    <ClInclude Include="..\..\include\esys\base\stdcpp\objectname.h">
      <Filter>Header Files\stdcpp</Filter>
    </ClInclude>
    <ClInclude Include="..\..\include\esys\base\stdcpp\object.h">
      <Filter>Header Files\stdcpp</Filter>
    </ClInclude>
    <ClInclude Include="..\..\include\esys\base\object.h">
      <Filter>Header Files</Filter>
    </ClInclude>
    <ClInclude Include="..\..\include\esys\base\objectname.h">
      <Filter>Header Files</Filter>
    </ClInclude>
    <ClInclude Include="..\..\include\esys\base\objectnamemngr.h">
      <Filter>Header Files</Filter>
    </ClInclude>
    <ClInclude Include="..\..\include\esys\base\object_t.h">
      <Filter>Header Files</Filter>
    </ClInclude>
    <ClInclude Include="..\..\include\esys\base\layerbase.h">
      <Filter>Header Files</Filter>
    </ClInclude>
    <ClInclude Include="..\..\include\esys\base\stdcpp\objectoperation.h">
      <Filter>Header Files\stdcpp</Filter>
    </ClInclude>
    <ClInclude Include="..\..\include\esys\base\objectinitbase_t.h">
      <Filter>Header Files</Filter>
    </ClInclude>
    <ClInclude Include="..\..\include\esys\base\objplatif.h">
      <Filter>Header Files</Filter>
    </ClInclude>
    <ClInclude Include="..\..\include\esys\base\log_if.h">
      <Filter>Header Files</Filter>
    </ClInclude>
    <ClInclude Include="..\..\include\esys\base\stdcpp\log_if.h">
      <Filter>Header Files\stdcpp</Filter>
    </ClInclude>
    <ClInclude Include="..\..\include\esys\base\em\log_if.h">
      <Filter>Header Files\em</Filter>
    </ClInclude>
    <ClInclude Include="..\..\include\esys\base\stdcpp\logger.h">
      <Filter>Header Files\stdcpp</Filter>
    </ClInclude>
  </ItemGroup>
  <ItemGroup>
    <ResourceCompile Include="..\..\res\esysbase.rc">
      <Filter>Resource Files</Filter>
    </ResourceCompile>
  </ItemGroup>
</Project>